{
  "version": 4,
  "terraform_version": "1.15.6",
  "serial": 42,
  "lineage": "9850b2d6-b30f-1fb0-404b-b89019e5526e",
  "outputs": {
    "instance_details": {
      "value": {
        "control-node": {
          "public_ip": "54.212.210.180",
          "user": "control-node"
        },
        "worker-node-1": {
          "public_ip": "52.11.226.52",
          "user": "worker-node-1"
        },
        "worker-node-2": {
          "public_ip": "34.219.102.59",
          "user": "worker-node-2"
        }
      },
      "type": [
        "object",
        {
          "control-node": [
            "object",
            {
              "public_ip": "string",
              "user": "string"
            }
          ],
          "worker-node-1": [
            "object",
            {
              "public_ip": "string",
              "user": "string"
            }
          ],
          "worker-node-2": [
            "object",
            {
              "public_ip": "string",
              "user": "string"
            }
          ]
        }
      ]
    }
  },
  "resources": [
    {
      "mode": "managed",
      "type": "aws_default_vpc",
      "name": "default",
      "provider": "provider[\"registry.terraform.io/hashicorp/aws\"]",
      "instances": [
        {
          "schema_version": 1,
          "attributes": {
            "arn": "arn:aws:ec2:us-west-2:555310911463:vpc/vpc-06fddb791c4337ac2",
            "assign_generated_ipv6_cidr_block": false,
            "cidr_block": "172.31.0.0/16",
            "default_network_acl_id": "acl-093654b907b3e4cb6",
            "default_route_table_id": "rtb-0acd9c1943f8a967c",
            "default_security_group_id": "sg-034d47a88eb535d85",
            "dhcp_options_id": "dopt-0b56e43c66b18f399",
            "enable_dns_hostnames": true,
            "enable_dns_support": true,
            "enable_network_address_usage_metrics": false,
            "existing_default_vpc": true,
            "force_destroy": false,
            "id": "vpc-06fddb791c4337ac2",
            "instance_tenancy": "default",
            "ipv6_association_id": "",
            "ipv6_cidr_block": "",
            "ipv6_cidr_block_network_border_group": "",
            "ipv6_ipam_pool_id": "",
            "ipv6_netmask_length": 0,
            "main_route_table_id": "rtb-0acd9c1943f8a967c",
            "owner_id": "555310911463",
            "region": "us-west-2",
            "tags": null,
            "tags_all": {}
          },
          "sensitive_attributes": [],
          "identity_schema_version": 0,
          "private": "eyJzY2hlbWFfdmVyc2lvbiI6IjEifQ=="
        }
      ]
    },
    {
      "mode": "managed",
      "type": "aws_instance",
      "name": "my_ec2_instance",
      "provider": "provider[\"registry.terraform.io/hashicorp/aws\"]",
      "instances": [
        {
          "index_key": "control-node",
          "schema_version": 2,
          "attributes": {
            "ami": "ami-02167eae61967e403",
            "arn": "arn:aws:ec2:us-west-2:555310911463:instance/i-05bff32efd8f06b7c",
            "associate_public_ip_address": true,
            "availability_zone": "us-west-2c",
            "capacity_reservation_specification": [
              {
                "capacity_reservation_preference": "open",
                "capacity_reservation_target": []
              }
            ],
            "cpu_options": [
              {
                "amd_sev_snp": "",
                "core_count": 1,
                "nested_virtualization": "",
                "threads_per_core": 1
              }
            ],
            "credit_specification": [
              {
                "cpu_credits": "standard"
              }
            ],
            "disable_api_stop": false,
            "disable_api_termination": false,
            "ebs_block_device": [],
            "ebs_optimized": false,
            "enable_primary_ipv6": null,
            "enclave_options": [
              {
                "enabled": false
              }
            ],
            "ephemeral_block_device": [],
            "force_destroy": false,
            "get_password_data": false,
            "hibernation": false,
            "host_id": "",
            "host_resource_group_arn": null,
            "iam_instance_profile": "",
            "id": "i-05bff32efd8f06b7c",
            "instance_initiated_shutdown_behavior": "stop",
            "instance_lifecycle": "",
            "instance_market_options": [],
            "instance_state": "running",
            "instance_type": "t2.micro",
            "ipv6_address_count": 0,
            "ipv6_addresses": [],
            "key_name": "ansible-terraform",
            "launch_template": [],
            "maintenance_options": [
              {
                "auto_recovery": "default"
              }
            ],
            "metadata_options": [
              {
                "http_endpoint": "enabled",
                "http_protocol_ipv6": "disabled",
                "http_put_response_hop_limit": 2,
                "http_tokens": "required",
                "instance_metadata_tags": "disabled"
              }
            ],
            "monitoring": false,
            "network_interface": [],
            "outpost_arn": "",
            "password_data": "",
            "placement_group": "",
            "placement_group_id": "",
            "placement_partition_number": 0,
            "primary_network_interface": [
              {
                "delete_on_termination": true,
                "network_interface_id": "eni-0d1d7d818b2ce9863"
              }
            ],
            "primary_network_interface_id": "eni-0d1d7d818b2ce9863",
            "private_dns": "ip-172-31-2-170.us-west-2.compute.internal",
            "private_dns_name_options": [
              {
                "enable_resource_name_dns_a_record": false,
                "enable_resource_name_dns_aaaa_record": false,
                "hostname_type": "ip-name"
              }
            ],
            "private_ip": "172.31.2.170",
            "public_dns": "ec2-54-212-210-180.us-west-2.compute.amazonaws.com",
            "public_ip": "54.212.210.180",
            "region": "us-west-2",
            "root_block_device": [
              {
                "delete_on_termination": true,
                "device_name": "/dev/sda1",
                "encrypted": false,
                "iops": 3000,
                "kms_key_id": "",
                "tags": null,
                "tags_all": {},
                "throughput": 125,
                "volume_id": "vol-0e1465b7e347a0972",
                "volume_size": 10,
                "volume_type": "gp3"
              }
            ],
            "secondary_network_interface": [],
            "secondary_private_ips": [],
            "security_groups": [
              "ansible-lab-sg"
            ],
            "source_dest_check": true,
            "spot_instance_request_id": "",
            "subnet_id": "subnet-019b5c4f10f954bdd",
            "tags": {
              "Managedby": "Terraform",
              "Name": "control-node"
            },
            "tags_all": {
              "Managedby": "Terraform",
              "Name": "control-node"
            },
            "tenancy": "default",
            "timeouts": null,
            "user_data": null,
            "user_data_base64": null,
            "user_data_replace_on_change": false,
            "volume_tags": null,
            "vpc_security_group_ids": [
              "sg-04b0d72eb7cce2c72"
            ]
          },
          "sensitive_attributes": [],
          "identity_schema_version": 0,
          "identity": {
            "account_id": "555310911463",
            "id": "i-05bff32efd8f06b7c",
            "region": "us-west-2"
          },
          "private": "eyJlMmJmYjczMC1lY2FhLTExZTYtOGY4OC0zNDM2M2JjN2M0YzAiOnsiY3JlYXRlIjo2MDAwMDAwMDAwMDAsImRlbGV0ZSI6MTIwMDAwMDAwMDAwMCwicmVhZCI6OTAwMDAwMDAwMDAwLCJ1cGRhdGUiOjYwMDAwMDAwMDAwMH0sInNjaGVtYV92ZXJzaW9uIjoiMiJ9",
          "dependencies": [
            "aws_default_vpc.default",
            "aws_key_pair.my_key_pair",
            "aws_security_group.ansible_lab",
            "tls_private_key.example"
          ]
        },
        {
          "index_key": "worker-node-1",
          "schema_version": 2,
          "attributes": {
            "ami": "ami-02167eae61967e403",
            "arn": "arn:aws:ec2:us-west-2:555310911463:instance/i-031fb02075344466f",
            "associate_public_ip_address": true,
            "availability_zone": "us-west-2c",
            "capacity_reservation_specification": [
              {
                "capacity_reservation_preference": "open",
                "capacity_reservation_target": []
              }
            ],
            "cpu_options": [
              {
                "amd_sev_snp": "",
                "core_count": 1,
                "nested_virtualization": "",
                "threads_per_core": 1
              }
            ],
            "credit_specification": [
              {
                "cpu_credits": "standard"
              }
            ],
            "disable_api_stop": false,
            "disable_api_termination": false,
            "ebs_block_device": [],
            "ebs_optimized": false,
            "enable_primary_ipv6": null,
            "enclave_options": [
              {
                "enabled": false
              }
            ],
            "ephemeral_block_device": [],
            "force_destroy": false,
            "get_password_data": false,
            "hibernation": false,
            "host_id": "",
            "host_resource_group_arn": null,
            "iam_instance_profile": "",
            "id": "i-031fb02075344466f",
            "instance_initiated_shutdown_behavior": "stop",
            "instance_lifecycle": "",
            "instance_market_options": [],
            "instance_state": "running",
            "instance_type": "t2.micro",
            "ipv6_address_count": 0,
            "ipv6_addresses": [],
            "key_name": "ansible-terraform",
            "launch_template": [],
            "maintenance_options": [
              {
                "auto_recovery": "default"
              }
            ],
            "metadata_options": [
              {
                "http_endpoint": "enabled",
                "http_protocol_ipv6": "disabled",
                "http_put_response_hop_limit": 2,
                "http_tokens": "required",
                "instance_metadata_tags": "disabled"
              }
            ],
            "monitoring": false,
            "network_interface": [],
            "outpost_arn": "",
            "password_data": "",
            "placement_group": "",
            "placement_group_id": "",
            "placement_partition_number": 0,
            "primary_network_interface": [
              {
                "delete_on_termination": true,
                "network_interface_id": "eni-0f14b48018ce0c62a"
              }
            ],
            "primary_network_interface_id": "eni-0f14b48018ce0c62a",
            "private_dns": "ip-172-31-0-170.us-west-2.compute.internal",
            "private_dns_name_options": [
              {
                "enable_resource_name_dns_a_record": false,
                "enable_resource_name_dns_aaaa_record": false,
                "hostname_type": "ip-name"
              }
            ],
            "private_ip": "172.31.0.170",
            "public_dns": "ec2-52-11-226-52.us-west-2.compute.amazonaws.com",
            "public_ip": "52.11.226.52",
            "region": "us-west-2",
            "root_block_device": [
              {
                "delete_on_termination": true,
                "device_name": "/dev/sda1",
                "encrypted": false,
                "iops": 3000,
                "kms_key_id": "",
                "tags": null,
                "tags_all": {},
                "throughput": 125,
                "volume_id": "vol-0f4f045f4262206f2",
                "volume_size": 10,
                "volume_type": "gp3"
              }
            ],
            "secondary_network_interface": [],
            "secondary_private_ips": [],
            "security_groups": [
              "ansible-lab-sg"
            ],
            "source_dest_check": true,
            "spot_instance_request_id": "",
            "subnet_id": "subnet-019b5c4f10f954bdd",
            "tags": {
              "Managedby": "Terraform",
              "Name": "worker-node-1"
            },
            "tags_all": {
              "Managedby": "Terraform",
              "Name": "worker-node-1"
            },
            "tenancy": "default",
            "timeouts": null,
            "user_data": null,
            "user_data_base64": null,
            "user_data_replace_on_change": false,
            "volume_tags": null,
            "vpc_security_group_ids": [
              "sg-04b0d72eb7cce2c72"
            ]
          },
          "sensitive_attributes": [],
          "identity_schema_version": 0,
          "identity": {
            "account_id": "555310911463",
            "id": "i-031fb02075344466f",
            "region": "us-west-2"
          },
          "private": "eyJlMmJmYjczMC1lY2FhLTExZTYtOGY4OC0zNDM2M2JjN2M0YzAiOnsiY3JlYXRlIjo2MDAwMDAwMDAwMDAsImRlbGV0ZSI6MTIwMDAwMDAwMDAwMCwicmVhZCI6OTAwMDAwMDAwMDAwLCJ1cGRhdGUiOjYwMDAwMDAwMDAwMH0sInNjaGVtYV92ZXJzaW9uIjoiMiJ9",
          "dependencies": [
            "aws_default_vpc.default",
            "aws_key_pair.my_key_pair",
            "aws_security_group.ansible_lab",
            "tls_private_key.example"
          ]
        },
        {
          "index_key": "worker-node-2",
          "schema_version": 2,
          "attributes": {
            "ami": "ami-02167eae61967e403",
            "arn": "arn:aws:ec2:us-west-2:555310911463:instance/i-0c30d3d8a4b82b91f",
            "associate_public_ip_address": true,
            "availability_zone": "us-west-2c",
            "capacity_reservation_specification": [
              {
                "capacity_reservation_preference": "open",
                "capacity_reservation_target": []
              }
            ],
            "cpu_options": [
              {
                "amd_sev_snp": "",
                "core_count": 1,
                "nested_virtualization": "",
                "threads_per_core": 1
              }
            ],
            "credit_specification": [
              {
                "cpu_credits": "standard"
              }
            ],
            "disable_api_stop": false,
            "disable_api_termination": false,
            "ebs_block_device": [],
            "ebs_optimized": false,
            "enable_primary_ipv6": null,
            "enclave_options": [
              {
                "enabled": false
              }
            ],
            "ephemeral_block_device": [],
            "force_destroy": false,
            "get_password_data": false,
            "hibernation": false,
            "host_id": "",
            "host_resource_group_arn": null,
            "iam_instance_profile": "",
            "id": "i-0c30d3d8a4b82b91f",
            "instance_initiated_shutdown_behavior": "stop",
            "instance_lifecycle": "",
            "instance_market_options": [],
            "instance_state": "running",
            "instance_type": "t2.micro",
            "ipv6_address_count": 0,
            "ipv6_addresses": [],
            "key_name": "ansible-terraform",
            "launch_template": [],
            "maintenance_options": [
              {
                "auto_recovery": "default"
              }
            ],
            "metadata_options": [
              {
                "http_endpoint": "enabled",
                "http_protocol_ipv6": "disabled",
                "http_put_response_hop_limit": 2,
                "http_tokens": "required",
                "instance_metadata_tags": "disabled"
              }
            ],
            "monitoring": false,
            "network_interface": [],
            "outpost_arn": "",
            "password_data": "",
            "placement_group": "",
            "placement_group_id": "",
            "placement_partition_number": 0,
            "primary_network_interface": [
              {
                "delete_on_termination": true,
                "network_interface_id": "eni-0e5f16488a139513b"
              }
            ],
            "primary_network_interface_id": "eni-0e5f16488a139513b",
            "private_dns": "ip-172-31-7-84.us-west-2.compute.internal",
            "private_dns_name_options": [
              {
                "enable_resource_name_dns_a_record": false,
                "enable_resource_name_dns_aaaa_record": false,
                "hostname_type": "ip-name"
              }
            ],
            "private_ip": "172.31.7.84",
            "public_dns": "ec2-34-219-102-59.us-west-2.compute.amazonaws.com",
            "public_ip": "34.219.102.59",
            "region": "us-west-2",
            "root_block_device": [
              {
                "delete_on_termination": true,
                "device_name": "/dev/sda1",
                "encrypted": false,
                "iops": 3000,
                "kms_key_id": "",
                "tags": null,
                "tags_all": {},
                "throughput": 125,
                "volume_id": "vol-0e752435409719b96",
                "volume_size": 10,
                "volume_type": "gp3"
              }
            ],
            "secondary_network_interface": [],
            "secondary_private_ips": [],
            "security_groups": [
              "ansible-lab-sg"
            ],
            "source_dest_check": true,
            "spot_instance_request_id": "",
            "subnet_id": "subnet-019b5c4f10f954bdd",
            "tags": {
              "Managedby": "Terraform",
              "Name": "worker-node-2"
            },
            "tags_all": {
              "Managedby": "Terraform",
              "Name": "worker-node-2"
            },
            "tenancy": "default",
            "timeouts": null,
            "user_data": null,
            "user_data_base64": null,
            "user_data_replace_on_change": false,
            "volume_tags": null,
            "vpc_security_group_ids": [
              "sg-04b0d72eb7cce2c72"
            ]
          },
          "sensitive_attributes": [],
          "identity_schema_version": 0,
          "identity": {
            "account_id": "555310911463",
            "id": "i-0c30d3d8a4b82b91f",
            "region": "us-west-2"
          },
          "private": "eyJlMmJmYjczMC1lY2FhLTExZTYtOGY4OC0zNDM2M2JjN2M0YzAiOnsiY3JlYXRlIjo2MDAwMDAwMDAwMDAsImRlbGV0ZSI6MTIwMDAwMDAwMDAwMCwicmVhZCI6OTAwMDAwMDAwMDAwLCJ1cGRhdGUiOjYwMDAwMDAwMDAwMH0sInNjaGVtYV92ZXJzaW9uIjoiMiJ9",
          "dependencies": [
            "aws_default_vpc.default",
            "aws_key_pair.my_key_pair",
            "aws_security_group.ansible_lab",
            "tls_private_key.example"
          ]
        }
      ]
    },
    {
      "mode": "managed",
      "type": "aws_key_pair",
      "name": "my_key_pair",
      "provider": "provider[\"registry.terraform.io/hashicorp/aws\"]",
      "instances": [
        {
          "schema_version": 1,
          "attributes": {
            "arn": "arn:aws:ec2:us-west-2:555310911463:key-pair/ansible-terraform",
            "fingerprint": "a1:8f:c6:25:ed:50:fc:89:fe:5c:3e:2a:c0:93:f5:49",
            "id": "ansible-terraform",
            "key_name": "ansible-terraform",
            "key_name_prefix": "",
            "key_pair_id": "key-00d1d8216979cc36b",
            "key_type": "rsa",
            "public_key": "ssh-rsa AAAAB3NzaC1yc2EAAAADAQABAAACAQDCjBTwghYbN9DUApabe/vh0N5BBjrNACnlLegWimqgHRZh74K4OCYxFqx1biJtm3A5Qy9WEFMzgFv3dEWN4Z3pmnpa7ukp8d5fcyhYUEz91jQf9shlyB3ZSX/mQvDyTVTsH7kz9TiBTlN3zv7uz+pf9Lrpv7Z6VHExmwn0dFE3nVhKQBkN/rggB0INogP0ys7sHRXcUaRv4Mo8ObU57DALtz9hCJZv8tFs6PIQggrx7HYtTwJoBqqzJpy0KpRgFaLUIZ+UTYZCJJxeOC5Iy+ALZLBr9dqNHLMwJINRVnOvtRpXn79PoMAVnJPh9p0kIh+LIHB8Es+s31hDnUgziEXc3aipzT5mbe8vSe0zlip/VO1NekveDuTit5b/GW5cRrSfh+5t60mABlGmLcQ65GHmqx57T20XTxx/IJfDmYwv0FUDS5+vKqrUaeCxmGrVoUgCDJ8DNS7gUYjheBRM0DwxCYAwjQFffBD3jDrj9uU1mR7nSXGpT7j1Mvus2qsXKQe3/kx7FnRNKoM9aTnytUk9hKbvQUEaZTbiCstTEOGjziGHL7c729CN1Gm6TwX56H6VGc/SGleOA/Gewu8BnF4ZkVDtnw3K335OzfWLEbKUPRoKg8rY7vEaSviHMtBQYvIAkZQok+E/SgMw4KA8Ib4hGXyZHQvdRNWoXuoc2Ebpow==",
            "region": "us-west-2",
            "tags": null,
            "tags_all": {}
          },
          "sensitive_attributes": [],
          "identity_schema_version": 0,
          "private": "eyJzY2hlbWFfdmVyc2lvbiI6IjEifQ==",
          "dependencies": [
            "tls_private_key.example"
          ]
        }
      ]
    },
    {
      "mode": "managed",
      "type": "aws_security_group",
      "name": "ansible_lab",
      "provider": "provider[\"registry.terraform.io/hashicorp/aws\"]",
      "instances": [
        {
          "schema_version": 1,
          "attributes": {
            "arn": "arn:aws:ec2:us-west-2:555310911463:security-group/sg-04b0d72eb7cce2c72",
            "description": "Security group for Ansible lab instances",
            "egress": [
              {
                "cidr_blocks": [
                  "0.0.0.0/0"
                ],
                "description": "All outbound traffic",
                "from_port": 0,
                "ipv6_cidr_blocks": [],
                "prefix_list_ids": [],
                "protocol": "-1",
                "security_groups": [],
                "self": false,
                "to_port": 0
              }
            ],
            "id": "sg-04b0d72eb7cce2c72",
            "ingress": [
              {
                "cidr_blocks": [
                  "0.0.0.0/0"
                ],
                "description": "Application (Flask/custom app)",
                "from_port": 8080,
                "ipv6_cidr_blocks": [],
                "prefix_list_ids": [],
                "protocol": "tcp",
                "security_groups": [],
                "self": false,
                "to_port": 8080
              },
              {
                "cidr_blocks": [
                  "0.0.0.0/0"
                ],
                "description": "HTTP",
                "from_port": 80,
                "ipv6_cidr_blocks": [],
                "prefix_list_ids": [],
                "protocol": "tcp",
                "security_groups": [],
                "self": false,
                "to_port": 80
              },
              {
                "cidr_blocks": [
                  "0.0.0.0/0"
                ],
                "description": "HTTPS",
                "from_port": 443,
                "ipv6_cidr_blocks": [],
                "prefix_list_ids": [],
                "protocol": "tcp",
                "security_groups": [],
                "self": false,
                "to_port": 443
              },
              {
                "cidr_blocks": [
                  "0.0.0.0/0"
                ],
                "description": "SSH",
                "from_port": 22,
                "ipv6_cidr_blocks": [],
                "prefix_list_ids": [],
                "protocol": "tcp",
                "security_groups": [],
                "self": false,
                "to_port": 22
              }
            ],
            "name": "ansible-lab-sg",
            "name_prefix": "",
            "owner_id": "555310911463",
            "region": "us-west-2",
            "revoke_rules_on_delete": false,
            "tags": {
              "Name": "ansible-lab-sg"
            },
            "tags_all": {
              "Name": "ansible-lab-sg"
            },
            "timeouts": null,
            "vpc_id": "vpc-06fddb791c4337ac2"
          },
          "sensitive_attributes": [],
          "identity_schema_version": 0,
          "identity": {
            "account_id": "555310911463",
            "id": "sg-04b0d72eb7cce2c72",
            "region": "us-west-2"
          },
          "private": "eyJlMmJmYjczMC1lY2FhLTExZTYtOGY4OC0zNDM2M2JjN2M0YzAiOnsiY3JlYXRlIjo2MDAwMDAwMDAwMDAsImRlbGV0ZSI6OTAwMDAwMDAwMDAwfSwic2NoZW1hX3ZlcnNpb24iOiIxIn0=",
          "dependencies": [
            "aws_default_vpc.default"
          ]
        }
      ]
    },
    {
      "mode": "managed",
      "type": "local_file",
      "name": "private_key",
      "provider": "provider[\"registry.terraform.io/hashicorp/local\"]",
      "instances": [
        {
          "schema_version": 0,
          "attributes": {
            "content": "-----BEGIN RSA PRIVATE KEY-----\nMIIJJwIBAAKCAgEAwowU8IIWGzfQ1AKWm3v74dDeQQY6zQAp5S3oFopqoB0WYe+C\nuDgmMRasdW4ibZtwOUMvVhBTM4Bb93RFjeGd6Zp6Wu7pKfHeX3MoWFBM/dY0H/bI\nZcgd2Ul/5kLw8k1U7B+5M/U4gU5Td87+7s/qX/S66b+2elRxMZsJ9HRRN51YSkAZ\nDf64IAdCDaID9MrO7B0V3FGkb+DKPDm1OewwC7c/YQiWb/LRbOjyEIIK8ex2LU8C\naAaqsyactCqUYBWi1CGflE2GQiScXjguSMvgC2Swa/XajRyzMCSDUVZzr7UaV5+/\nT6DAFZyT4fadJCIfiyBwfBLPrN9YQ51IM4hF3N2oqc0+Zm3vL0ntM5Yqf1TtTXpL\n3g7k4reW/xluXEa0n4fubetJgAZRpi3EOuRh5qsee09tF08cfyCXw5mML9BVA0uf\nryqq1GngsZhq1aFIAgyfAzUu4FGI4XgUTNA8MQmAMI0BX3wQ94w64/blNZke50lx\nqU+49TL7rNqrFykHt/5MexZ0TSqDPWk58rVJPYSm70FBGmU24grLUxDho84hhy+3\nO9vQjdRpuk8F+eh+lRnP0hpXjgPxnsLvAZxeGZFQ7Z8Nyt9+Ts31ixGylD0aCoPK\n2O7xGkr4hzLQUGLyAJGUKJPhP0oDMOCgPCG+IRl8mR0L3UTVqF7qHNhG6aMCAwEA\nAQKCAgADoKULTwGmhEXqjhnM0GUD8ucSA1G5XNVrJo37TZ1rWt999/9R/AoKREf2\n8JTHwmw3RR9u1WMXxL7yQELDwH83SeAaLfY/B/mDghwweV7WJNZX+jwGWdLkqFAw\nNPNVMUfyFy1W4K2rC5DW3Q832LygCWoqzZ5TbZumtyNaYYjaJp7s04EkF6nLPxdm\nNa0pNVbiZDByKTuNsn1S3iiY6eSDc2lFH+neMILjKvzIfgRCOoyBj8WVtvob2Q52\n9YxKtlyQ5Aebtk5YkWIxB48lYFfPHpODj9QBaZWVwjiInboOfqv9Ekd47qBmRsMj\nJXwMnm5EI9i1F4yzxn5Y1GfyPgo/abdTDTlGf8yujRxzJkrNRO7gQBBNUXvLSOyl\nU6l/gODGYrkrp1iAA4udrsEWy3/VgM2VSVDXWcUdDjmJJkN2Q9WJsqts+D2VSwmv\nfQwWXL07nfMKlyiqLDL7jGzJX4X3dVDHGTjd+KabRrVNJt2jBXgWj4JjimijHHWE\nOkij6Ll/dQdhsJxSghacnjHUxh1FJCzd7cMUEzlc8f6eRgpfwROFsYwJP/n4qAo7\n2rQOfDfpCuj0ufwZrT8VNVelid+9kcr+jsn669Je9Z0eVMl2ZcKusUHR8lNkxHNO\niOgTpzpehaENKK+RlJZ1cRIXBZKWf0UJ+RI1OSAGqsYVEIDTAQKCAQEA5UeUAXPb\nOMXJfcSwjMZ/sybl/P1czFfc1R2duj89bR4be9F0wEIEw8b27Sp+vXiKFxm8ZLf9\nxvNblv23vDcqSFL6b9JDsuZwZMApBePzLY5VWUr/2WfSj+eijJoSJgx1kamAVM4L\ni7SpBeGn4TVDBGzr0kKUV6UtXLnBl+NdsVo+Kpg5mfuyNVrlHn5BSH4l55BEdZNd\ndJST3pgzgqNhWZxxfqJjJ2+s99364L2pAiLZnZ1DeuanJgDFrsdpWM/8+G4CIPKY\n7qIPMRbwoJ4/wS/7u/fG3N8TD6Tj262vgNZ9UQ+M9wJuFwXNLxzDN+WZLQgB8tp6\nu1mljrLaYEXYQQKCAQEA2ThIYOGlYOhhpqiqr1Gns1eLU0rdEAoje2sVDU8jYUfm\nnSzQ1lyrbwgfdnzrX8MGIj73SqDZTJFLD42bnlsyF1ebCn5OoLY+LmbQELr2Y+N/\nnxQ22gxTi8H6v9Uw9pSAiqS+C8uWqJfRZEouOSLF7801yfGwqhvXh1tVTlR2kBpf\nvVJ7TsyWQ0Xx4/zaE/WQ0Qp+q5/yFnXbgVhbVSAiujkWTkHuEfms56wII02DihlE\nvY86oPGZ6RgjJmkw3/zXJLWYlDMjUWAQsIun3npQdPv6rpP4e1+7AlRFBiSbKb/O\nq3LYa7JZVi0lyDyk+kSdUl20eIFZdYfJPqvFfQ4o4wKCAQA9mQBbb4va8dBTOK+R\n8pZGRFIPqOXwhD5xBxbj/a98DFWn6zrpmBL9ogue5gbM0oCO+jwR9xh4BdN6ekmN\niGiUq65asmu7uYtClhmvWnFvsMifR7X665i3TqzuB0qO7FP9wUMYBY82hl/Ok7Rt\nnciWfMjSYU7HSTopqkInk08NocgH24PGKcfT68qYaaUSW8nFL44k5GV8N5qOd+eG\n1mwGDjCzq97lrmwS35FSJcItL721SZXig+suG5EAhtR3ptE40R1DSsnpeqKINriI\n/lr0hPalpkjH+Cp/znXlBAGdpIJgb8QYbI+1IbrhSGHuN4Hyhi831piYktoWv1hJ\n+xnBAoIBADZbb0FPNiNaA5XA/3V/6YdnkOX3BfrNjrODyHDcLO5bH8qVPG1oIz5V\nugncmMoN86r+NsPmHHqcoTvzI84s5AwTUCkAEo0FDepusAJ/xsiYVYdpd5B5JS8E\nC8uVffs2jjQjpast9zWZSDzgk1CY8w9fOuaeJKds8DJfGKnRWRoWf37Q9Spy5+dN\nyYpT6/6ypNqq1af9DoewVo23nqNet1IClyJePUUiRbJzylWLQC9+w0TsYq+DxhAe\nii1ChYiHrQ7yoovzgBMNByAm0otJ8HhV1hV50eSNwC6FCADRiEKaTQ16X84Tg2ed\nRKcnBeHa6cOCz3aYZ9qRcDrOoUz6DiECggEAeCO/+2D8P1XHBqP918xpxvCvxDCl\nuhNmQWKzoH8NfKsjFOmY6d/4rXMk6CDWhuPphWcMUk1ZSvVZviQVwy2RfGMsWdOM\nPwwy/Y1zE57NwjxSHKkGdd2CpMRa8neHH3r+NAh2L6q1zalQzHiyCmm8uXJD5W/S\n4Tsm1BFIcYhiEI0gqFdHZnEHM/byGtXlQlg7mEMQAltIi7RpFZUAQ2M4zaBNdLk1\nNG6/na34/3oHAKsIck5SyuE/O/fJtdRcsH/hjsc/S0x1W5Bs59maijikS5pemlh5\n4hBF8rPCCHTpEOcFdeVHhwM4WTNEo934Hx63Unsh6LUWHi8m7DTRMdMK/Q==\n-----END RSA PRIVATE KEY-----\n",
            "content_base64": null,
            "content_base64sha256": "43oVa07yRCkiLUYFW+x3O5m/Z94ELhCSzTQmFmkFQzU=",
            "content_base64sha512": "d+4oBGNZu/KKmh7W3c10D0JilTMKZjisIHEDSYC7iIseS8QIkTA11nGGUWREar7tGbmmZSPbA+otJhOQl+8NEA==",
            "content_md5": "cb3b1010f539c4e76328ec628bcddd0f",
            "content_sha1": "4f17bc0fdf9e29cc0f0cf6a8e89eea6d24f75284",
            "content_sha256": "e37a156b4ef24429222d46055bec773b99bf67de042e1092cd34261669054335",
            "content_sha512": "77ee28046359bbf28a9a1ed6ddcd740f426295330a6638ac2071034980bb888b1e4bc408913035d671865164446abeed19b9a66523db03ea2d26139097ef0d10",
            "directory_permission": "0777",
            "file_permission": "0777",
            "filename": "./terraform-ansible.pem",
            "id": "4f17bc0fdf9e29cc0f0cf6a8e89eea6d24f75284",
            "sensitive_content": null,
            "source": null
          },
          "sensitive_attributes": [
            [
              {
                "type": "get_attr",
                "value": "content"
              }
            ],
            [
              {
                "type": "get_attr",
                "value": "sensitive_content"
              }
            ]
          ],
          "identity_schema_version": 0,
          "dependencies": [
            "tls_private_key.example"
          ]
        }
      ]
    },
    {
      "mode": "managed",
      "type": "tls_private_key",
      "name": "example",
      "provider": "provider[\"registry.terraform.io/hashicorp/tls\"]",
      "instances": [
        {
          "schema_version": 1,
          "attributes": {
            "algorithm": "RSA",
            "ecdsa_curve": "P224",
            "id": "83a1a99569b957f72243bc7fbd6d26ce075c332d",
            "private_key_openssh": "-----BEGIN OPENSSH PRIVATE KEY-----\nb3BlbnNzaC1rZXktdjEAAAAABG5vbmUAAAAEbm9uZQAAAAAAAAABAAACFwAAAAdz\nc2gtcnNhAAAAAwEAAQAAAgEAwowU8IIWGzfQ1AKWm3v74dDeQQY6zQAp5S3oFopq\noB0WYe+CuDgmMRasdW4ibZtwOUMvVhBTM4Bb93RFjeGd6Zp6Wu7pKfHeX3MoWFBM\n/dY0H/bIZcgd2Ul/5kLw8k1U7B+5M/U4gU5Td87+7s/qX/S66b+2elRxMZsJ9HRR\nN51YSkAZDf64IAdCDaID9MrO7B0V3FGkb+DKPDm1OewwC7c/YQiWb/LRbOjyEIIK\n8ex2LU8CaAaqsyactCqUYBWi1CGflE2GQiScXjguSMvgC2Swa/XajRyzMCSDUVZz\nr7UaV5+/T6DAFZyT4fadJCIfiyBwfBLPrN9YQ51IM4hF3N2oqc0+Zm3vL0ntM5Yq\nf1TtTXpL3g7k4reW/xluXEa0n4fubetJgAZRpi3EOuRh5qsee09tF08cfyCXw5mM\nL9BVA0ufryqq1GngsZhq1aFIAgyfAzUu4FGI4XgUTNA8MQmAMI0BX3wQ94w64/bl\nNZke50lxqU+49TL7rNqrFykHt/5MexZ0TSqDPWk58rVJPYSm70FBGmU24grLUxDh\no84hhy+3O9vQjdRpuk8F+eh+lRnP0hpXjgPxnsLvAZxeGZFQ7Z8Nyt9+Ts31ixGy\nlD0aCoPK2O7xGkr4hzLQUGLyAJGUKJPhP0oDMOCgPCG+IRl8mR0L3UTVqF7qHNhG\n6aMAAAc49yLrVfci61UAAAAHc3NoLXJzYQAAAgEAwowU8IIWGzfQ1AKWm3v74dDe\nQQY6zQAp5S3oFopqoB0WYe+CuDgmMRasdW4ibZtwOUMvVhBTM4Bb93RFjeGd6Zp6\nWu7pKfHeX3MoWFBM/dY0H/bIZcgd2Ul/5kLw8k1U7B+5M/U4gU5Td87+7s/qX/S6\n6b+2elRxMZsJ9HRRN51YSkAZDf64IAdCDaID9MrO7B0V3FGkb+DKPDm1OewwC7c/\nYQiWb/LRbOjyEIIK8ex2LU8CaAaqsyactCqUYBWi1CGflE2GQiScXjguSMvgC2Sw\na/XajRyzMCSDUVZzr7UaV5+/T6DAFZyT4fadJCIfiyBwfBLPrN9YQ51IM4hF3N2o\nqc0+Zm3vL0ntM5Yqf1TtTXpL3g7k4reW/xluXEa0n4fubetJgAZRpi3EOuRh5qse\ne09tF08cfyCXw5mML9BVA0ufryqq1GngsZhq1aFIAgyfAzUu4FGI4XgUTNA8MQmA\nMI0BX3wQ94w64/blNZke50lxqU+49TL7rNqrFykHt/5MexZ0TSqDPWk58rVJPYSm\n70FBGmU24grLUxDho84hhy+3O9vQjdRpuk8F+eh+lRnP0hpXjgPxnsLvAZxeGZFQ\n7Z8Nyt9+Ts31ixGylD0aCoPK2O7xGkr4hzLQUGLyAJGUKJPhP0oDMOCgPCG+IRl8\nmR0L3UTVqF7qHNhG6aMAAAADAQABAAACAAOgpQtPAaaEReqOGczQZQPy5xIDUblc\n1WsmjftNnWta3333/1H8CgpER/bwlMfCbDdFH27VYxfEvvJAQsPAfzdJ4Bot9j8H\n+YOCHDB5XtYk1lf6PAZZ0uSoUDA081UxR/IXLVbgrasLkNbdDzfYvKAJairNnlNt\nm6a3I1phiNomnuzTgSQXqcs/F2Y1rSk1VuJkMHIpO42yfVLeKJjp5INzaUUf6d4w\nguMq/Mh+BEI6jIGPxZW2+hvZDnb1jEq2XJDkB5u2TliRYjEHjyVgV88ek4OP1AFp\nlZXCOIidug5+q/0SR3juoGZGwyMlfAyebkQj2LUXjLPGfljUZ/I+Cj9pt1MNOUZ/\nzK6NHHMmSs1E7uBAEE1Re8tI7KVTqX+A4MZiuSunWIADi52uwRbLf9WAzZVJUNdZ\nxR0OOYkmQ3ZD1Ymyq2z4PZVLCa99DBZcvTud8wqXKKosMvuMbMlfhfd1UMcZON34\npptGtU0m3aMFeBaPgmOKaKMcdYQ6SKPouX91B2GwnFKCFpyeMdTGHUUkLN3twxQT\nOVzx/p5GCl/BE4WxjAk/+fioCjvatA58N+kK6PS5/BmtPxU1V6WJ372Ryv6Oyfrr\n0l71nR5UyXZlwq6xQdHyU2TEc06I6BOnOl6FoQ0or5GUlnVxEhcFkpZ/RQn5EjU5\nIAaqxhUQgNMBAAABAHgjv/tg/D9Vxwaj/dfMacbwr8QwpboTZkFis6B/DXyrIxTp\nmOnf+K1zJOgg1obj6YVnDFJNWUr1Wb4kFcMtkXxjLFnTjD8MMv2NcxOezcI8Uhyp\nBnXdgqTEWvJ3hx96/jQIdi+qtc2pUMx4sgppvLlyQ+Vv0uE7JtQRSHGIYhCNIKhX\nR2ZxBzP28hrV5UJYO5hDEAJbSIu0aRWVAENjOM2gTXS5NTRuv52t+P96BwCrCHJO\nUsrhPzv3ybXUXLB/4Y7HP0tMdVuQbOfZmoo4pEuaXppYeeIQRfKzwgh06RDnBXXl\nR4cDOFkzRKPd+B8et1J7Iei1Fh4vJuw00THTCv0AAAEBAOVHlAFz2zjFyX3EsIzG\nf7Mm5fz9XMxX3NUdnbo/PW0eG3vRdMBCBMPG9u0qfr14ihcZvGS3/cbzW5b9t7w3\nKkhS+m/SQ7LmcGTAKQXj8y2OVVlK/9ln0o/nooyaEiYMdZGpgFTOC4u0qQXhp+E1\nQwRs69JClFelLVy5wZfjXbFaPiqYOZn7sjVa5R5+QUh+JeeQRHWTXXSUk96YM4Kj\nYVmccX6iYydvrPfd+uC9qQIi2Z2dQ3rmpyYAxa7HaVjP/PhuAiDymO6iDzEW8KCe\nP8Ev+7v3xtzfEw+k49utr4DWfVEPjPcCbhcFzS8cwzflmS0IAfLaertZpY6y2mBF\n2EEAAAEBANk4SGDhpWDoYaaoqq9Rp7NXi1NK3RAKI3trFQ1PI2FH5p0s0NZcq28I\nH3Z861/DBiI+90qg2UyRSw+Nm55bMhdXmwp+TqC2Pi5m0BC69mPjf58UNtoMU4vB\n+r/VMPaUgIqkvgvLlqiX0WRKLjkixe/NNcnxsKob14dbVU5UdpAaX71Se07MlkNF\n8eP82hP1kNEKfquf8hZ124FYW1UgIro5Fk5B7hH5rOesCCNNg4oZRL2POqDxmekY\nIyZpMN/81yS1mJQzI1FgELCLp956UHT7+q6T+HtfuwJURQYkmym/zqty2GuyWVYt\nJcg8pPpEnVJdtHiBWXWHyT6rxX0OKOMAAAAAAQID\n-----END OPENSSH PRIVATE KEY-----\n",
            "private_key_pem": "-----BEGIN RSA PRIVATE KEY-----\nMIIJJwIBAAKCAgEAwowU8IIWGzfQ1AKWm3v74dDeQQY6zQAp5S3oFopqoB0WYe+C\nuDgmMRasdW4ibZtwOUMvVhBTM4Bb93RFjeGd6Zp6Wu7pKfHeX3MoWFBM/dY0H/bI\nZcgd2Ul/5kLw8k1U7B+5M/U4gU5Td87+7s/qX/S66b+2elRxMZsJ9HRRN51YSkAZ\nDf64IAdCDaID9MrO7B0V3FGkb+DKPDm1OewwC7c/YQiWb/LRbOjyEIIK8ex2LU8C\naAaqsyactCqUYBWi1CGflE2GQiScXjguSMvgC2Swa/XajRyzMCSDUVZzr7UaV5+/\nT6DAFZyT4fadJCIfiyBwfBLPrN9YQ51IM4hF3N2oqc0+Zm3vL0ntM5Yqf1TtTXpL\n3g7k4reW/xluXEa0n4fubetJgAZRpi3EOuRh5qsee09tF08cfyCXw5mML9BVA0uf\nryqq1GngsZhq1aFIAgyfAzUu4FGI4XgUTNA8MQmAMI0BX3wQ94w64/blNZke50lx\nqU+49TL7rNqrFykHt/5MexZ0TSqDPWk58rVJPYSm70FBGmU24grLUxDho84hhy+3\nO9vQjdRpuk8F+eh+lRnP0hpXjgPxnsLvAZxeGZFQ7Z8Nyt9+Ts31ixGylD0aCoPK\n2O7xGkr4hzLQUGLyAJGUKJPhP0oDMOCgPCG+IRl8mR0L3UTVqF7qHNhG6aMCAwEA\nAQKCAgADoKULTwGmhEXqjhnM0GUD8ucSA1G5XNVrJo37TZ1rWt999/9R/AoKREf2\n8JTHwmw3RR9u1WMXxL7yQELDwH83SeAaLfY/B/mDghwweV7WJNZX+jwGWdLkqFAw\nNPNVMUfyFy1W4K2rC5DW3Q832LygCWoqzZ5TbZumtyNaYYjaJp7s04EkF6nLPxdm\nNa0pNVbiZDByKTuNsn1S3iiY6eSDc2lFH+neMILjKvzIfgRCOoyBj8WVtvob2Q52\n9YxKtlyQ5Aebtk5YkWIxB48lYFfPHpODj9QBaZWVwjiInboOfqv9Ekd47qBmRsMj\nJXwMnm5EI9i1F4yzxn5Y1GfyPgo/abdTDTlGf8yujRxzJkrNRO7gQBBNUXvLSOyl\nU6l/gODGYrkrp1iAA4udrsEWy3/VgM2VSVDXWcUdDjmJJkN2Q9WJsqts+D2VSwmv\nfQwWXL07nfMKlyiqLDL7jGzJX4X3dVDHGTjd+KabRrVNJt2jBXgWj4JjimijHHWE\nOkij6Ll/dQdhsJxSghacnjHUxh1FJCzd7cMUEzlc8f6eRgpfwROFsYwJP/n4qAo7\n2rQOfDfpCuj0ufwZrT8VNVelid+9kcr+jsn669Je9Z0eVMl2ZcKusUHR8lNkxHNO\niOgTpzpehaENKK+RlJZ1cRIXBZKWf0UJ+RI1OSAGqsYVEIDTAQKCAQEA5UeUAXPb\nOMXJfcSwjMZ/sybl/P1czFfc1R2duj89bR4be9F0wEIEw8b27Sp+vXiKFxm8ZLf9\nxvNblv23vDcqSFL6b9JDsuZwZMApBePzLY5VWUr/2WfSj+eijJoSJgx1kamAVM4L\ni7SpBeGn4TVDBGzr0kKUV6UtXLnBl+NdsVo+Kpg5mfuyNVrlHn5BSH4l55BEdZNd\ndJST3pgzgqNhWZxxfqJjJ2+s99364L2pAiLZnZ1DeuanJgDFrsdpWM/8+G4CIPKY\n7qIPMRbwoJ4/wS/7u/fG3N8TD6Tj262vgNZ9UQ+M9wJuFwXNLxzDN+WZLQgB8tp6\nu1mljrLaYEXYQQKCAQEA2ThIYOGlYOhhpqiqr1Gns1eLU0rdEAoje2sVDU8jYUfm\nnSzQ1lyrbwgfdnzrX8MGIj73SqDZTJFLD42bnlsyF1ebCn5OoLY+LmbQELr2Y+N/\nnxQ22gxTi8H6v9Uw9pSAiqS+C8uWqJfRZEouOSLF7801yfGwqhvXh1tVTlR2kBpf\nvVJ7TsyWQ0Xx4/zaE/WQ0Qp+q5/yFnXbgVhbVSAiujkWTkHuEfms56wII02DihlE\nvY86oPGZ6RgjJmkw3/zXJLWYlDMjUWAQsIun3npQdPv6rpP4e1+7AlRFBiSbKb/O\nq3LYa7JZVi0lyDyk+kSdUl20eIFZdYfJPqvFfQ4o4wKCAQA9mQBbb4va8dBTOK+R\n8pZGRFIPqOXwhD5xBxbj/a98DFWn6zrpmBL9ogue5gbM0oCO+jwR9xh4BdN6ekmN\niGiUq65asmu7uYtClhmvWnFvsMifR7X665i3TqzuB0qO7FP9wUMYBY82hl/Ok7Rt\nnciWfMjSYU7HSTopqkInk08NocgH24PGKcfT68qYaaUSW8nFL44k5GV8N5qOd+eG\n1mwGDjCzq97lrmwS35FSJcItL721SZXig+suG5EAhtR3ptE40R1DSsnpeqKINriI\n/lr0hPalpkjH+Cp/znXlBAGdpIJgb8QYbI+1IbrhSGHuN4Hyhi831piYktoWv1hJ\n+xnBAoIBADZbb0FPNiNaA5XA/3V/6YdnkOX3BfrNjrODyHDcLO5bH8qVPG1oIz5V\nugncmMoN86r+NsPmHHqcoTvzI84s5AwTUCkAEo0FDepusAJ/xsiYVYdpd5B5JS8E\nC8uVffs2jjQjpast9zWZSDzgk1CY8w9fOuaeJKds8DJfGKnRWRoWf37Q9Spy5+dN\nyYpT6/6ypNqq1af9DoewVo23nqNet1IClyJePUUiRbJzylWLQC9+w0TsYq+DxhAe\nii1ChYiHrQ7yoovzgBMNByAm0otJ8HhV1hV50eSNwC6FCADRiEKaTQ16X84Tg2ed\nRKcnBeHa6cOCz3aYZ9qRcDrOoUz6DiECggEAeCO/+2D8P1XHBqP918xpxvCvxDCl\nuhNmQWKzoH8NfKsjFOmY6d/4rXMk6CDWhuPphWcMUk1ZSvVZviQVwy2RfGMsWdOM\nPwwy/Y1zE57NwjxSHKkGdd2CpMRa8neHH3r+NAh2L6q1zalQzHiyCmm8uXJD5W/S\n4Tsm1BFIcYhiEI0gqFdHZnEHM/byGtXlQlg7mEMQAltIi7RpFZUAQ2M4zaBNdLk1\nNG6/na34/3oHAKsIck5SyuE/O/fJtdRcsH/hjsc/S0x1W5Bs59maijikS5pemlh5\n4hBF8rPCCHTpEOcFdeVHhwM4WTNEo934Hx63Unsh6LUWHi8m7DTRMdMK/Q==\n-----END RSA PRIVATE KEY-----\n",
            "private_key_pem_pkcs8": "-----BEGIN PRIVATE KEY-----\nMIIJQQIBADANBgkqhkiG9w0BAQEFAASCCSswggknAgEAAoICAQDCjBTwghYbN9DU\nApabe/vh0N5BBjrNACnlLegWimqgHRZh74K4OCYxFqx1biJtm3A5Qy9WEFMzgFv3\ndEWN4Z3pmnpa7ukp8d5fcyhYUEz91jQf9shlyB3ZSX/mQvDyTVTsH7kz9TiBTlN3\nzv7uz+pf9Lrpv7Z6VHExmwn0dFE3nVhKQBkN/rggB0INogP0ys7sHRXcUaRv4Mo8\nObU57DALtz9hCJZv8tFs6PIQggrx7HYtTwJoBqqzJpy0KpRgFaLUIZ+UTYZCJJxe\nOC5Iy+ALZLBr9dqNHLMwJINRVnOvtRpXn79PoMAVnJPh9p0kIh+LIHB8Es+s31hD\nnUgziEXc3aipzT5mbe8vSe0zlip/VO1NekveDuTit5b/GW5cRrSfh+5t60mABlGm\nLcQ65GHmqx57T20XTxx/IJfDmYwv0FUDS5+vKqrUaeCxmGrVoUgCDJ8DNS7gUYjh\neBRM0DwxCYAwjQFffBD3jDrj9uU1mR7nSXGpT7j1Mvus2qsXKQe3/kx7FnRNKoM9\naTnytUk9hKbvQUEaZTbiCstTEOGjziGHL7c729CN1Gm6TwX56H6VGc/SGleOA/Ge\nwu8BnF4ZkVDtnw3K335OzfWLEbKUPRoKg8rY7vEaSviHMtBQYvIAkZQok+E/SgMw\n4KA8Ib4hGXyZHQvdRNWoXuoc2EbpowIDAQABAoICAAOgpQtPAaaEReqOGczQZQPy\n5xIDUblc1WsmjftNnWta3333/1H8CgpER/bwlMfCbDdFH27VYxfEvvJAQsPAfzdJ\n4Bot9j8H+YOCHDB5XtYk1lf6PAZZ0uSoUDA081UxR/IXLVbgrasLkNbdDzfYvKAJ\nairNnlNtm6a3I1phiNomnuzTgSQXqcs/F2Y1rSk1VuJkMHIpO42yfVLeKJjp5INz\naUUf6d4wguMq/Mh+BEI6jIGPxZW2+hvZDnb1jEq2XJDkB5u2TliRYjEHjyVgV88e\nk4OP1AFplZXCOIidug5+q/0SR3juoGZGwyMlfAyebkQj2LUXjLPGfljUZ/I+Cj9p\nt1MNOUZ/zK6NHHMmSs1E7uBAEE1Re8tI7KVTqX+A4MZiuSunWIADi52uwRbLf9WA\nzZVJUNdZxR0OOYkmQ3ZD1Ymyq2z4PZVLCa99DBZcvTud8wqXKKosMvuMbMlfhfd1\nUMcZON34pptGtU0m3aMFeBaPgmOKaKMcdYQ6SKPouX91B2GwnFKCFpyeMdTGHUUk\nLN3twxQTOVzx/p5GCl/BE4WxjAk/+fioCjvatA58N+kK6PS5/BmtPxU1V6WJ372R\nyv6Oyfrr0l71nR5UyXZlwq6xQdHyU2TEc06I6BOnOl6FoQ0or5GUlnVxEhcFkpZ/\nRQn5EjU5IAaqxhUQgNMBAoIBAQDlR5QBc9s4xcl9xLCMxn+zJuX8/VzMV9zVHZ26\nPz1tHht70XTAQgTDxvbtKn69eIoXGbxkt/3G81uW/be8NypIUvpv0kOy5nBkwCkF\n4/MtjlVZSv/ZZ9KP56KMmhImDHWRqYBUzguLtKkF4afhNUMEbOvSQpRXpS1cucGX\n412xWj4qmDmZ+7I1WuUefkFIfiXnkER1k110lJPemDOCo2FZnHF+omMnb6z33frg\nvakCItmdnUN65qcmAMWux2lYz/z4bgIg8pjuog8xFvCgnj/BL/u798bc3xMPpOPb\nra+A1n1RD4z3Am4XBc0vHMM35ZktCAHy2nq7WaWOstpgRdhBAoIBAQDZOEhg4aVg\n6GGmqKqvUaezV4tTSt0QCiN7axUNTyNhR+adLNDWXKtvCB92fOtfwwYiPvdKoNlM\nkUsPjZueWzIXV5sKfk6gtj4uZtAQuvZj43+fFDbaDFOLwfq/1TD2lICKpL4Ly5ao\nl9FkSi45IsXvzTXJ8bCqG9eHW1VOVHaQGl+9UntOzJZDRfHj/NoT9ZDRCn6rn/IW\ndduBWFtVICK6ORZOQe4R+aznrAgjTYOKGUS9jzqg8ZnpGCMmaTDf/NcktZiUMyNR\nYBCwi6feelB0+/quk/h7X7sCVEUGJJspv86rcthrsllWLSXIPKT6RJ1SXbR4gVl1\nh8k+q8V9DijjAoIBAD2ZAFtvi9rx0FM4r5HylkZEUg+o5fCEPnEHFuP9r3wMVafr\nOumYEv2iC57mBszSgI76PBH3GHgF03p6SY2IaJSrrlqya7u5i0KWGa9acW+wyJ9H\ntfrrmLdOrO4HSo7sU/3BQxgFjzaGX86TtG2dyJZ8yNJhTsdJOimqQieTTw2hyAfb\ng8Ypx9PryphppRJbycUvjiTkZXw3mo5354bWbAYOMLOr3uWubBLfkVIlwi0vvbVJ\nleKD6y4bkQCG1Hem0TjRHUNKyel6oog2uIj+WvSE9qWmSMf4Kn/OdeUEAZ2kgmBv\nxBhsj7UhuuFIYe43gfKGLzfWmJiS2ha/WEn7GcECggEANltvQU82I1oDlcD/dX/p\nh2eQ5fcF+s2Os4PIcNws7lsfypU8bWgjPlW6CdyYyg3zqv42w+YcepyhO/Mjzizk\nDBNQKQASjQUN6m6wAn/GyJhVh2l3kHklLwQLy5V9+zaONCOlqy33NZlIPOCTUJjz\nD1865p4kp2zwMl8YqdFZGhZ/ftD1KnLn503JilPr/rKk2qrVp/0Oh7BWjbeeo163\nUgKXIl49RSJFsnPKVYtAL37DROxir4PGEB6KLUKFiIetDvKii/OAEw0HICbSi0nw\neFXWFXnR5I3ALoUIANGIQppNDXpfzhODZ51EpycF4drpw4LPdphn2pFwOs6hTPoO\nIQKCAQB4I7/7YPw/VccGo/3XzGnG8K/EMKW6E2ZBYrOgfw18qyMU6Zjp3/itcyTo\nINaG4+mFZwxSTVlK9Vm+JBXDLZF8YyxZ04w/DDL9jXMTns3CPFIcqQZ13YKkxFry\nd4cfev40CHYvqrXNqVDMeLIKaby5ckPlb9LhOybUEUhxiGIQjSCoV0dmcQcz9vIa\n1eVCWDuYQxACW0iLtGkVlQBDYzjNoE10uTU0br+drfj/egcAqwhyTlLK4T8798m1\n1Fywf+GOxz9LTHVbkGzn2ZqKOKRLml6aWHniEEXys8IIdOkQ5wV15UeHAzhZM0Sj\n3fgfHrdSeyHotRYeLybsNNEx0wr9\n-----END PRIVATE KEY-----\n",
            "public_key_fingerprint_md5": "32:40:53:24:75:e6:76:15:17:36:29:ef:fa:a2:0f:9a",
            "public_key_fingerprint_sha256": "SHA256:O+TBnAI8NypA79lWcy9sso8v/YtD9+jrHY1I5gYxELM",
            "public_key_openssh": "ssh-rsa AAAAB3NzaC1yc2EAAAADAQABAAACAQDCjBTwghYbN9DUApabe/vh0N5BBjrNACnlLegWimqgHRZh74K4OCYxFqx1biJtm3A5Qy9WEFMzgFv3dEWN4Z3pmnpa7ukp8d5fcyhYUEz91jQf9shlyB3ZSX/mQvDyTVTsH7kz9TiBTlN3zv7uz+pf9Lrpv7Z6VHExmwn0dFE3nVhKQBkN/rggB0INogP0ys7sHRXcUaRv4Mo8ObU57DALtz9hCJZv8tFs6PIQggrx7HYtTwJoBqqzJpy0KpRgFaLUIZ+UTYZCJJxeOC5Iy+ALZLBr9dqNHLMwJINRVnOvtRpXn79PoMAVnJPh9p0kIh+LIHB8Es+s31hDnUgziEXc3aipzT5mbe8vSe0zlip/VO1NekveDuTit5b/GW5cRrSfh+5t60mABlGmLcQ65GHmqx57T20XTxx/IJfDmYwv0FUDS5+vKqrUaeCxmGrVoUgCDJ8DNS7gUYjheBRM0DwxCYAwjQFffBD3jDrj9uU1mR7nSXGpT7j1Mvus2qsXKQe3/kx7FnRNKoM9aTnytUk9hKbvQUEaZTbiCstTEOGjziGHL7c729CN1Gm6TwX56H6VGc/SGleOA/Gewu8BnF4ZkVDtnw3K335OzfWLEbKUPRoKg8rY7vEaSviHMtBQYvIAkZQok+E/SgMw4KA8Ib4hGXyZHQvdRNWoXuoc2Ebpow==\n",
            "public_key_pem": "-----BEGIN PUBLIC KEY-----\nMIICIjANBgkqhkiG9w0BAQEFAAOCAg8AMIICCgKCAgEAwowU8IIWGzfQ1AKWm3v7\n4dDeQQY6zQAp5S3oFopqoB0WYe+CuDgmMRasdW4ibZtwOUMvVhBTM4Bb93RFjeGd\n6Zp6Wu7pKfHeX3MoWFBM/dY0H/bIZcgd2Ul/5kLw8k1U7B+5M/U4gU5Td87+7s/q\nX/S66b+2elRxMZsJ9HRRN51YSkAZDf64IAdCDaID9MrO7B0V3FGkb+DKPDm1Oeww\nC7c/YQiWb/LRbOjyEIIK8ex2LU8CaAaqsyactCqUYBWi1CGflE2GQiScXjguSMvg\nC2Swa/XajRyzMCSDUVZzr7UaV5+/T6DAFZyT4fadJCIfiyBwfBLPrN9YQ51IM4hF\n3N2oqc0+Zm3vL0ntM5Yqf1TtTXpL3g7k4reW/xluXEa0n4fubetJgAZRpi3EOuRh\n5qsee09tF08cfyCXw5mML9BVA0ufryqq1GngsZhq1aFIAgyfAzUu4FGI4XgUTNA8\nMQmAMI0BX3wQ94w64/blNZke50lxqU+49TL7rNqrFykHt/5MexZ0TSqDPWk58rVJ\nPYSm70FBGmU24grLUxDho84hhy+3O9vQjdRpuk8F+eh+lRnP0hpXjgPxnsLvAZxe\nGZFQ7Z8Nyt9+Ts31ixGylD0aCoPK2O7xGkr4hzLQUGLyAJGUKJPhP0oDMOCgPCG+\nIRl8mR0L3UTVqF7qHNhG6aMCAwEAAQ==\n-----END PUBLIC KEY-----\n",
            "rsa_bits": 4096
          },
          "sensitive_attributes": [
            [
              {
                "type": "get_attr",
                "value": "private_key_openssh"
              }
            ],
            [
              {
                "type": "get_attr",
                "value": "private_key_pem"
              }
            ],
            [
              {
                "type": "get_attr",
                "value": "private_key_pem_pkcs8"
              }
            ]
          ],
          "identity_schema_version": 0
        }
      ]
    }
  ],
  "check_results": null
}
